
Microsoft Visual Studio Solution File, Format Version 12.00
# Visual Studio Version 16
VisualStudioVersion = 16.0.29613.14
MinimumVisualStudioVersion = 10.0.40219.1
Project("{FAE04EC0-301F-11D3-BF4B-00C04F79EFBC}") = "algorithms-with-csharp", "algorithms-with-csharp\algorithms-with-csharp.csproj", "{EB2333D9-2497-46DD-A40A-D244374BB5B0}"
EndProject
Global
	GlobalSection(SolutionConfigurationPlatforms) = preSolution
		Debug|Any CPU = Debug|Any CPU
		Release|Any CPU = Release|Any CPU
	EndGlobalSection
	GlobalSection(ProjectConfigurationPlatforms) = postSolution
		{EB2333D9-2497-46DD-A40A-D244374BB5B0}.Debug|Any CPU.ActiveCfg = Debug|Any CPU
		{EB2333D9-2497-46DD-A40A-D244374BB5B0}.Debug|Any CPU.Build.0 = Debug|Any CPU
		{EB2333D9-2497-46DD-A40A-D244374BB5B0}.Release|Any CPU.ActiveCfg = Release|Any CPU
		{EB2333D9-2497-46DD-A40A-D244374BB5B0}.Release|Any CPU.Build.0 = Release|Any CPU
	EndGlobalSection
	GlobalSection(SolutionProperties) = preSolution
		HideSolutionNode = FALSE
	EndGlobalSection
	GlobalSection(ExtensibilityGlobals) = postSolution
		SolutionGuid = {868066F1-7F56-4D67-A2EB-8F2716A3A597}
	EndGlobalSection
EndGlobal
